
Microsoft Visual Studio Solution File, Format Version 12.00
# Visual Studio Version 16
VisualStudioVersion = 16.0.30611.23
MinimumVisualStudioVersion = 10.0.40219.1
Project("{FAE04EC0-301F-11D3-BF4B-00C04F79EFBC}") = "RSADecryptWithJava", "RSADecryptWithJava.csproj", "{A724E187-8034-496E-A38E-AC6DDD903336}"
EndProject
Global
	GlobalSection(SolutionConfigurationPlatforms) = preSolution
		Debug|Any CPU = Debug|Any CPU
		Release|Any CPU = Release|Any CPU
	EndGlobalSection
	GlobalSection(ProjectConfigurationPlatforms) = postSolution
		{A724E187-8034-496E-A38E-AC6DDD903336}.Debug|Any CPU.ActiveCfg = Debug|Any CPU
		{A724E187-8034-496E-A38E-AC6DDD903336}.Debug|Any CPU.Build.0 = Debug|Any CPU
		{A724E187-8034-496E-A38E-AC6DDD903336}.Release|Any CPU.ActiveCfg = Release|Any CPU
		{A724E187-8034-496E-A38E-AC6DDD903336}.Release|Any CPU.Build.0 = Release|Any CPU
	EndGlobalSection
	GlobalSection(SolutionProperties) = preSolution
		HideSolutionNode = FALSE
	EndGlobalSection
	GlobalSection(ExtensibilityGlobals) = postSolution
		SolutionGuid = {25908ACA-CBD5-4646-8EA0-100EC568D79B}
	EndGlobalSection
EndGlobal
